
Microsoft Visual Studio Solution File, Format Version 12.00
# Visual Studio 14
VisualStudioVersion = 14.0.25420.1
MinimumVisualStudioVersion = 10.0.40219.1
Project("{FAE04EC0-301F-11D3-BF4B-00C04F79EFBC}") = "OhNoPub.MefCacher", "OhNoPub.MefCacher\OhNoPub.MefCacher.csproj", "{40D5E230-25D6-4414-BDE0-39F61534A7F3}"
EndProject
Project("{FAE04EC0-301F-11D3-BF4B-00C04F79EFBC}") = "OhNoPub.MefCacherUnitTest", "MefCacherUnitTest\OhNoPub.MefCacherUnitTest.csproj", "{E574DF9F-E102-424F-9D04-1428272DEB6F}"
EndProject
Project("{2150E333-8FDC-42A3-9474-1A3956D46DE8}") = "Solution Items", "Solution Items", "{32D9F936-029F-417A-88E0-4CC6BCA5AE84}"
	ProjectSection(SolutionItems) = preProject
		COPYING.md = COPYING.md
		README.md = README.md
	EndProjectSection
EndProject
Global
	GlobalSection(SolutionConfigurationPlatforms) = preSolution
		Debug|Any CPU = Debug|Any CPU
		Release|Any CPU = Release|Any CPU
	EndGlobalSection
	GlobalSection(ProjectConfigurationPlatforms) = postSolution
		{40D5E230-25D6-4414-BDE0-39F61534A7F3}.Debug|Any CPU.ActiveCfg = Debug|Any CPU
		{40D5E230-25D6-4414-BDE0-39F61534A7F3}.Debug|Any CPU.Build.0 = Debug|Any CPU
		{40D5E230-25D6-4414-BDE0-39F61534A7F3}.Release|Any CPU.ActiveCfg = Release|Any CPU
		{40D5E230-25D6-4414-BDE0-39F61534A7F3}.Release|Any CPU.Build.0 = Release|Any CPU
		{E574DF9F-E102-424F-9D04-1428272DEB6F}.Debug|Any CPU.ActiveCfg = Debug|Any CPU
		{E574DF9F-E102-424F-9D04-1428272DEB6F}.Debug|Any CPU.Build.0 = Debug|Any CPU
		{E574DF9F-E102-424F-9D04-1428272DEB6F}.Release|Any CPU.ActiveCfg = Release|Any CPU
		{E574DF9F-E102-424F-9D04-1428272DEB6F}.Release|Any CPU.Build.0 = Release|Any CPU
	EndGlobalSection
	GlobalSection(SolutionProperties) = preSolution
		HideSolutionNode = FALSE
	EndGlobalSection
EndGlobal
